
Microsoft Visual Studio Solution File, Format Version 12.00
# Visual Studio 15
VisualStudioVersion = 15.0.27019.1
MinimumVisualStudioVersion = 10.0.40219.1
Project("{9A19103F-16F7-4668-BE54-9A1E7A4F7556}") = "Chapter02", "Chapter02\Chapter02.csproj", "{8BD97CAD-5237-479F-AC29-E4FC4678585C}"
EndProject
Project("{9A19103F-16F7-4668-BE54-9A1E7A4F7556}") = "Chapter02Tests", "Chapter02Tests\Chapter02Tests.csproj", "{240441C4-3BEC-450B-BF5C-3D915485F985}"
EndProject
Project("{9A19103F-16F7-4668-BE54-9A1E7A4F7556}") = "Chapter03", "Chapter03\Chapter03.csproj", "{6AE99419-92E4-4AA7-BF99-8B2671C53077}"
EndProject
Project("{9A19103F-16F7-4668-BE54-9A1E7A4F7556}") = "Chapter03Tests", "Chapter03Tests\Chapter03Tests.csproj", "{A72EE0BA-B3B4-4ADD-9130-D86631D4759B}"
EndProject
Project("{9A19103F-16F7-4668-BE54-9A1E7A4F7556}") = "Chapter04", "Chapter04\Chapter04.csproj", "{FBDE2658-2E59-4ED0-8EAA-340702F390FF}"
EndProject
Project("{9A19103F-16F7-4668-BE54-9A1E7A4F7556}") = "Chapter04Tests", "Chapter04Tests\Chapter04Tests.csproj", "{F7E60054-1597-4FA8-9FA0-71EB3781C10A}"
EndProject
Project("{9A19103F-16F7-4668-BE54-9A1E7A4F7556}") = "Chapter05", "Chapter05\Chapter05.csproj", "{9341F1F1-664B-46D5-AA30-F1A46552DD5C}"
EndProject
Project("{9A19103F-16F7-4668-BE54-9A1E7A4F7556}") = "Chapter05Tests", "Chapter05Tests\Chapter05Tests.csproj", "{EA3DE24B-A92E-46F1-8C65-40EC2F4EC201}"
EndProject
Project("{9A19103F-16F7-4668-BE54-9A1E7A4F7556}") = "Chapter06", "Chapter06\Chapter06.csproj", "{75115502-8872-4E9B-B5D3-40565FCD0B79}"
EndProject
Project("{9A19103F-16F7-4668-BE54-9A1E7A4F7556}") = "Chapter06Tests", "Chapter06Tests\Chapter06Tests.csproj", "{041C9CB0-3AC7-4691-A9EF-88EC2E2CF5A8}"
EndProject
Project("{FAE04EC0-301F-11D3-BF4B-00C04F79EFBC}") = "Chapter07", "Chapter07\Chapter07.csproj", "{9C410DAC-45CE-49F6-BF20-EF538B67D790}"
EndProject
Project("{FAE04EC0-301F-11D3-BF4B-00C04F79EFBC}") = "Chapter07Tests", "Chapter07Tests\Chapter07Tests.csproj", "{3010BBA5-4992-4635-BE57-6C32BBAABDDF}"
EndProject
Global
	GlobalSection(SolutionConfigurationPlatforms) = preSolution
		Debug|Any CPU = Debug|Any CPU
		Release|Any CPU = Release|Any CPU
	EndGlobalSection
	GlobalSection(ProjectConfigurationPlatforms) = postSolution
		{8BD97CAD-5237-479F-AC29-E4FC4678585C}.Debug|Any CPU.ActiveCfg = Debug|Any CPU
		{8BD97CAD-5237-479F-AC29-E4FC4678585C}.Debug|Any CPU.Build.0 = Debug|Any CPU
		{8BD97CAD-5237-479F-AC29-E4FC4678585C}.Release|Any CPU.ActiveCfg = Release|Any CPU
		{8BD97CAD-5237-479F-AC29-E4FC4678585C}.Release|Any CPU.Build.0 = Release|Any CPU
		{240441C4-3BEC-450B-BF5C-3D915485F985}.Debug|Any CPU.ActiveCfg = Debug|Any CPU
		{240441C4-3BEC-450B-BF5C-3D915485F985}.Debug|Any CPU.Build.0 = Debug|Any CPU
		{240441C4-3BEC-450B-BF5C-3D915485F985}.Release|Any CPU.ActiveCfg = Release|Any CPU
		{240441C4-3BEC-450B-BF5C-3D915485F985}.Release|Any CPU.Build.0 = Release|Any CPU
		{6AE99419-92E4-4AA7-BF99-8B2671C53077}.Debug|Any CPU.ActiveCfg = Debug|Any CPU
		{6AE99419-92E4-4AA7-BF99-8B2671C53077}.Debug|Any CPU.Build.0 = Debug|Any CPU
		{6AE99419-92E4-4AA7-BF99-8B2671C53077}.Release|Any CPU.ActiveCfg = Release|Any CPU
		{6AE99419-92E4-4AA7-BF99-8B2671C53077}.Release|Any CPU.Build.0 = Release|Any CPU
		{A72EE0BA-B3B4-4ADD-9130-D86631D4759B}.Debug|Any CPU.ActiveCfg = Debug|Any CPU
		{A72EE0BA-B3B4-4ADD-9130-D86631D4759B}.Debug|Any CPU.Build.0 = Debug|Any CPU
		{A72EE0BA-B3B4-4ADD-9130-D86631D4759B}.Release|Any CPU.ActiveCfg = Release|Any CPU
		{A72EE0BA-B3B4-4ADD-9130-D86631D4759B}.Release|Any CPU.Build.0 = Release|Any CPU
		{FBDE2658-2E59-4ED0-8EAA-340702F390FF}.Debug|Any CPU.ActiveCfg = Debug|Any CPU
		{FBDE2658-2E59-4ED0-8EAA-340702F390FF}.Debug|Any CPU.Build.0 = Debug|Any CPU
		{FBDE2658-2E59-4ED0-8EAA-340702F390FF}.Release|Any CPU.ActiveCfg = Release|Any CPU
		{FBDE2658-2E59-4ED0-8EAA-340702F390FF}.Release|Any CPU.Build.0 = Release|Any CPU
		{F7E60054-1597-4FA8-9FA0-71EB3781C10A}.Debug|Any CPU.ActiveCfg = Debug|Any CPU
		{F7E60054-1597-4FA8-9FA0-71EB3781C10A}.Debug|Any CPU.Build.0 = Debug|Any CPU
		{F7E60054-1597-4FA8-9FA0-71EB3781C10A}.Release|Any CPU.ActiveCfg = Release|Any CPU
		{F7E60054-1597-4FA8-9FA0-71EB3781C10A}.Release|Any CPU.Build.0 = Release|Any CPU
		{9341F1F1-664B-46D5-AA30-F1A46552DD5C}.Debug|Any CPU.ActiveCfg = Debug|Any CPU
		{9341F1F1-664B-46D5-AA30-F1A46552DD5C}.Debug|Any CPU.Build.0 = Debug|Any CPU
		{9341F1F1-664B-46D5-AA30-F1A46552DD5C}.Release|Any CPU.ActiveCfg = Release|Any CPU
		{9341F1F1-664B-46D5-AA30-F1A46552DD5C}.Release|Any CPU.Build.0 = Release|Any CPU
		{EA3DE24B-A92E-46F1-8C65-40EC2F4EC201}.Debug|Any CPU.ActiveCfg = Debug|Any CPU
		{EA3DE24B-A92E-46F1-8C65-40EC2F4EC201}.Debug|Any CPU.Build.0 = Debug|Any CPU
		{EA3DE24B-A92E-46F1-8C65-40EC2F4EC201}.Release|Any CPU.ActiveCfg = Release|Any CPU
		{EA3DE24B-A92E-46F1-8C65-40EC2F4EC201}.Release|Any CPU.Build.0 = Release|Any CPU
		{75115502-8872-4E9B-B5D3-40565FCD0B79}.Debug|Any CPU.ActiveCfg = Debug|Any CPU
		{75115502-8872-4E9B-B5D3-40565FCD0B79}.Debug|Any CPU.Build.0 = Debug|Any CPU
		{75115502-8872-4E9B-B5D3-40565FCD0B79}.Release|Any CPU.ActiveCfg = Release|Any CPU
		{75115502-8872-4E9B-B5D3-40565FCD0B79}.Release|Any CPU.Build.0 = Release|Any CPU
		{041C9CB0-3AC7-4691-A9EF-88EC2E2CF5A8}.Debug|Any CPU.ActiveCfg = Debug|Any CPU
		{041C9CB0-3AC7-4691-A9EF-88EC2E2CF5A8}.Debug|Any CPU.Build.0 = Debug|Any CPU
		{041C9CB0-3AC7-4691-A9EF-88EC2E2CF5A8}.Release|Any CPU.ActiveCfg = Release|Any CPU
		{041C9CB0-3AC7-4691-A9EF-88EC2E2CF5A8}.Release|Any CPU.Build.0 = Release|Any CPU
		{9C410DAC-45CE-49F6-BF20-EF538B67D790}.Debug|Any CPU.ActiveCfg = Debug|Any CPU
		{9C410DAC-45CE-49F6-BF20-EF538B67D790}.Debug|Any CPU.Build.0 = Debug|Any CPU
		{9C410DAC-45CE-49F6-BF20-EF538B67D790}.Release|Any CPU.ActiveCfg = Release|Any CPU
		{9C410DAC-45CE-49F6-BF20-EF538B67D790}.Release|Any CPU.Build.0 = Release|Any CPU
		{3010BBA5-4992-4635-BE57-6C32BBAABDDF}.Debug|Any CPU.ActiveCfg = Debug|Any CPU
		{3010BBA5-4992-4635-BE57-6C32BBAABDDF}.Debug|Any CPU.Build.0 = Debug|Any CPU
		{3010BBA5-4992-4635-BE57-6C32BBAABDDF}.Release|Any CPU.ActiveCfg = Release|Any CPU
		{3010BBA5-4992-4635-BE57-6C32BBAABDDF}.Release|Any CPU.Build.0 = Release|Any CPU
	EndGlobalSection
	GlobalSection(SolutionProperties) = preSolution
		HideSolutionNode = FALSE
	EndGlobalSection
	GlobalSection(ExtensibilityGlobals) = postSolution
		SolutionGuid = {5A929CCC-1DA8-476B-8F6F-5F5970F32AD2}
	EndGlobalSection
EndGlobal
